PODS:
  - AFNetworking (3.0.4):
    - AFNetworking/NSURLSession (= 3.0.4)
    - AFNetworking/Reachability (= 3.0.4)
    - AFNetworking/Security (= 3.0.4)
    - AFNetworking/Serialization (= 3.0.4)
    - AFNetworking/UIKit (= 3.0.4)
  - AFNetworking/NSURLSession (3.0.4):
    - AFNetworking/Reachability
    - AFNetworking/Security
    - AFNetworking/Serialization
  - AFNetworking/Reachability (3.0.4)
  - AFNetworking/Security (3.0.4)
  - AFNetworking/Serialization (3.0.4)
  - AFNetworking/UIKit (3.0.4):
    - AFNetworking/NSURLSession
  - AVOSCloud (3.2.7)
  - JSONModel (1.2.0)
  - Masonry (0.6.4)
  - MBProgressHUD (0.9.2)
  - MJRefresh (3.1.0)
  - PXAlertView (0.1.1)
  - ReactiveCocoa (2.4.7):
    - ReactiveCocoa/UI (= 2.4.7)
  - ReactiveCocoa/Core (2.4.7):
    - ReactiveCocoa/no-arc
  - ReactiveCocoa/no-arc (2.4.7)
  - ReactiveCocoa/UI (2.4.7):
    - ReactiveCocoa/Core
  - UITableView+FDTemplateLayoutCell (1.5.beta)
  - YYCache (1.0.2)
  - YYImage (1.0.1):
    - YYImage/Core (= 1.0.1)
  - YYImage/Core (1.0.1)
  - YYText (1.0.4)
  - YYWebImage (1.0.3):
    - YYCache
    - YYImage

DEPENDENCIES:
  - AFNetworking (~> 3.0.4)
  - AVOSCloud (~> 3.2.7)
  - JSONModel (~> 1.2.0)
  - Masonry (~> 0.6.4)
  - MBProgressHUD (~> 0.9.2)
  - MJRefresh (~> 3.1.0)
  - PXAlertView (~> 0.1.0)
  - ReactiveCocoa (~> 2.4.7)
  - UITableView+FDTemplateLayoutCell (~> 1.5.beta)
  - YYText (~> 1.0.3)
  - YYWebImage (~> 1.0)

SPEC CHECKSUMS:
  AFNetworking: a0075feb321559dc78d9d85b55d11caa19eabb93
  AVOSCloud: 957d1508104d7c8ed501df9d9b734d7a98c2e047
  JSONModel: 12523685c4b623553ccf844bbbf7007624317b2c
  Masonry: 281802d04d787ea2973179ee8bcb50500579ede2
  MBProgressHUD: 1569cf7ace17a8bac47aabfbb8580a49690386d1
  MJRefresh: 743e6404967d1c2c688472ea3ecfde247d872db4
  PXAlertView: bb8a7e6bb95f73fe3fe091cacd279b683460f084
  ReactiveCocoa: eb38dee0a0e698f73a9b25e5c1faea2bb4c79240
  UITableView+FDTemplateLayoutCell: 02b508ab1cb4cea16a8c17ac83d2cd1fd72124f9
  YYCache: c159ab4bb51e1ca4872ddadaf1778f9ec4ae40bb
  YYImage: b41b45bc5f32bfcdf67bdfb9c09da9e9832357c0
  YYText: 41761822986179828a27ccf82aa97c7b5483c2e2
  YYWebImage: 8da75a611fd0d2e0f58a273f9ca0bc731614cb0d

COCOAPODS: 0.39.0
